// !$*UTF8*$!
{
	archiveVersion = 1;
	classes = {
	};
	objectVersion = 50;
	objects = {

/* Begin PBXBuildFile section */
		111BF89D22A5CE0200249BA5 /* AppDelegate.swift in Sources */ = {isa = PBXBuildFile; fileRef = 111BF89C22A5CE0200249BA5 /* AppDelegate.swift */; };
		111BF89F22A5CE0200249BA5 /* SceneDelegate.swift in Sources */ = {isa = PBXBuildFile; fileRef = 111BF89E22A5CE0200249BA5 /* SceneDelegate.swift */; };
		111BF8A222A5CE0200249BA5 /* Landmarks.xcdatamodeld in Sources */ = {isa = PBXBuildFile; fileRef = 111BF8A022A5CE0200249BA5 /* Landmarks.xcdatamodeld */; };
		111BF8A422A5CE0200249BA5 /* ContentView.swift in Sources */ = {isa = PBXBuildFile; fileRef = 111BF8A322A5CE0200249BA5 /* ContentView.swift */; };
		111BF8A622A5CE0300249BA5 /* Assets.xcassets in Resources */ = {isa = PBXBuildFile; fileRef = 111BF8A522A5CE0300249BA5 /* Assets.xcassets */; };
		111BF8A922A5CE0300249BA5 /* Preview Assets.xcassets in Resources */ = {isa = PBXBuildFile; fileRef = 111BF8A822A5CE0300249BA5 /* Preview Assets.xcassets */; };
		111BF8AC22A5CE0300249BA5 /* LaunchScreen.storyboard in Resources */ = {isa = PBXBuildFile; fileRef = 111BF8AA22A5CE0300249BA5 /* LaunchScreen.storyboard */; };
		111BF8B722A5CE0300249BA5 /* LandmarksTests.swift in Sources */ = {isa = PBXBuildFile; fileRef = 111BF8B622A5CE0300249BA5 /* LandmarksTests.swift */; };
		111BF8C222A5CE0300249BA5 /* LandmarksUITests.swift in Sources */ = {isa = PBXBuildFile; fileRef = 111BF8C122A5CE0300249BA5 /* LandmarksUITests.swift */; };
		111BF8D022A5D9B900249BA5 /* CircleImage.swift in Sources */ = {isa = PBXBuildFile; fileRef = 111BF8CF22A5D9B900249BA5 /* CircleImage.swift */; };
/* End PBXBuildFile section */

/* Begin PBXContainerItemProxy section */
		111BF8B322A5CE0300249BA5 /* PBXContainerItemProxy */ = {
			isa = PBXContainerItemProxy;
			containerPortal = 111BF89122A5CE0200249BA5 /* Project object */;
			proxyType = 1;
			remoteGlobalIDString = 111BF89822A5CE0200249BA5;
			remoteInfo = Landmarks;
		};
		111BF8BE22A5CE0300249BA5 /* PBXContainerItemProxy */ = {
			isa = PBXContainerItemProxy;
			containerPortal = 111BF89122A5CE0200249BA5 /* Project object */;
			proxyType = 1;
			remoteGlobalIDString = 111BF89822A5CE0200249BA5;
			remoteInfo = Landmarks;
		};
/* End PBXContainerItemProxy section */

/* Begin PBXFileReference section */
		111BF89922A5CE0200249BA5 /* Landmarks.app */ = {isa = PBXFileReference; explicitFileType = wrapper.application; includeInIndex = 0; path = Landmarks.app; sourceTree = BUILT_PRODUCTS_DIR; };
		111BF89C22A5CE0200249BA5 /* AppDelegate.swift */ = {isa = PBXFileReference; lastKnownFileType = sourcecode.swift; path = AppDelegate.swift; sourceTree = "<group>"; };
		111BF89E22A5CE0200249BA5 /* SceneDelegate.swift */ = {isa = PBXFileReference; lastKnownFileType = sourcecode.swift; path = SceneDelegate.swift; sourceTree = "<group>"; };
		111BF8A122A5CE0200249BA5 /* Landmarks.xcdatamodel */ = {isa = PBXFileReference; lastKnownFileType = wrapper.xcdatamodel; path = Landmarks.xcdatamodel; sourceTree = "<group>"; };
		111BF8A322A5CE0200249BA5 /* ContentView.swift */ = {isa = PBXFileReference; lastKnownFileType = sourcecode.swift; path = ContentView.swift; sourceTree = "<group>"; };
		111BF8A522A5CE0300249BA5 /* Assets.xcassets */ = {isa = PBXFileReference; lastKnownFileType = folder.assetcatalog; path = Assets.xcassets; sourceTree = "<group>"; };
		111BF8A822A5CE0300249BA5 /* Preview Assets.xcassets */ = {isa = PBXFileReference; lastKnownFileType = folder.assetcatalog; path = "Preview Assets.xcassets"; sourceTree = "<group>"; };
		111BF8AB22A5CE0300249BA5 /* Base */ = {isa = PBXFileReference; lastKnownFileType = file.storyboard; name = Base; path = Base.lproj/LaunchScreen.storyboard; sourceTree = "<group>"; };
		111BF8AD22A5CE0300249BA5 /* Info.plist */ = {isa = PBXFileReference; lastKnownFileType = text.plist.xml; path = Info.plist; sourceTree = "<group>"; };
		111BF8B222A5CE0300249BA5 /* LandmarksTests.xctest */ = {isa = PBXFileReference; explicitFileType = wrapper.cfbundle; includeInIndex = 0; path = LandmarksTests.xctest; sourceTree = BUILT_PRODUCTS_DIR; };
		111BF8B622A5CE0300249BA5 /* LandmarksTests.swift */ = {isa = PBXFileReference; lastKnownFileType = sourcecode.swift; path = LandmarksTests.swift; sourceTree = "<group>"; };
		111BF8B822A5CE0300249BA5 /* Info.plist */ = {isa = PBXFileReference; lastKnownFileType = text.plist.xml; path = Info.plist; sourceTree = "<group>"; };
		111BF8BD22A5CE0300249BA5 /* LandmarksUITests.xctest */ = {isa = PBXFileReference; explicitFileType = wrapper.cfbundle; includeInIndex = 0; path = LandmarksUITests.xctest; sourceTree = BUILT_PRODUCTS_DIR; };
		111BF8C122A5CE0300249BA5 /* LandmarksUITests.swift */ = {isa = PBXFileReference; lastKnownFileType = sourcecode.swift; path = LandmarksUITests.swift; sourceTree = "<group>"; };
		111BF8C322A5CE0300249BA5 /* Info.plist */ = {isa = PBXFileReference; lastKnownFileType = text.plist.xml; path = Info.plist; sourceTree = "<group>"; };
		111BF8CF22A5D9B900249BA5 /* CircleImage.swift */ = {isa = PBXFileReference; lastKnownFileType = sourcecode.swift; path = CircleImage.swift; sourceTree = "<group>"; };
/* End PBXFileReference section */

/* Begin PBXFrameworksBuildPhase section */
		111BF89622A5CE0200249BA5 /* Frameworks */ = {
			isa = PBXFrameworksBuildPhase;
			buildActionMask = 2147483647;
			files = (
			);
			runOnlyForDeploymentPostprocessing = 0;
		};
		111BF8AF22A5CE0300249BA5 /* Frameworks */ = {
			isa = PBXFrameworksBuildPhase;
			buildActionMask = 2147483647;
			files = (
			);
			runOnlyForDeploymentPostprocessing = 0;
		};
		111BF8BA22A5CE0300249BA5 /* Frameworks */ = {
			isa = PBXFrameworksBuildPhase;
			buildActionMask = 2147483647;
			files = (
			);
			runOnlyForDeploymentPostprocessing = 0;
		};
/* End PBXFrameworksBuildPhase section */

/* Begin PBXGroup section */
		111BF89022A5CE0200249BA5 = {
			isa = PBXGroup;
			children = (
				111BF89B22A5CE0200249BA5 /* Landmarks */,
				111BF8B522A5CE0300249BA5 /* LandmarksTests */,
				111BF8C022A5CE0300249BA5 /* LandmarksUITests */,
				111BF89A22A5CE0200249BA5 /* Products */,
			);
			sourceTree = "<group>";
		};
		111BF89A22A5CE0200249BA5 /* Products */ = {
			isa = PBXGroup;
			children = (
				111BF89922A5CE0200249BA5 /* Landmarks.app */,
				111BF8B222A5CE0300249BA5 /* LandmarksTests.xctest */,
				111BF8BD22A5CE0300249BA5 /* LandmarksUITests.xctest */,
			);
			name = Products;
			sourceTree = "<group>";
		};
		111BF89B22A5CE0200249BA5 /* Landmarks */ = {
			isa = PBXGroup;
			children = (
				111BF89C22A5CE0200249BA5 /* AppDelegate.swift */,
				111BF89E22A5CE0200249BA5 /* SceneDelegate.swift */,
				111BF8A322A5CE0200249BA5 /* ContentView.swift */,
				111BF8A522A5CE0300249BA5 /* Assets.xcassets */,
				111BF8CF22A5D9B900249BA5 /* CircleImage.swift */,
				111BF8AA22A5CE0300249BA5 /* LaunchScreen.storyboard */,
				111BF8AD22A5CE0300249BA5 /* Info.plist */,
				111BF8A022A5CE0200249BA5 /* Landmarks.xcdatamodeld */,
				111BF8A722A5CE0300249BA5 /* Preview Content */,
			);
			path = Landmarks;
			sourceTree = "<group>";
		};
		111BF8A722A5CE0300249BA5 /* Preview Content */ = {
			isa = PBXGroup;
			children = (
				111BF8A822A5CE0300249BA5 /* Preview Assets.xcassets */,
			);
			path = "Preview Content";
			sourceTree = "<group>";
		};
		111BF8B522A5CE0300249BA5 /* LandmarksTests */ = {
			isa = PBXGroup;
			children = (
				111BF8B622A5CE0300249BA5 /* LandmarksTests.swift */,
				111BF8B822A5CE0300249BA5 /* Info.plist */,
			);
			path = LandmarksTests;
			sourceTree = "<group>";
		};
		111BF8C022A5CE0300249BA5 /* LandmarksUITests */ = {
			isa = PBXGroup;
			children = (
				111BF8C122A5CE0300249BA5 /* LandmarksUITests.swift */,
				111BF8C322A5CE0300249BA5 /* Info.plist */,
			);
			path = LandmarksUITests;
			sourceTree = "<group>";
		};
/* End PBXGroup section */

/* Begin PBXNativeTarget section */
		111BF89822A5CE0200249BA5 /* Landmarks */ = {
			isa = PBXNativeTarget;
			buildConfigurationList = 111BF8C622A5CE0300249BA5 /* Build configuration list for PBXNativeTarget "Landmarks" */;
			buildPhases = (
				111BF89522A5CE0200249BA5 /* Sources */,
				111BF89622A5CE0200249BA5 /* Frameworks */,
				111BF89722A5CE0200249BA5 /* Resources */,
			);
			buildRules = (
			);
			dependencies = (
			);
			name = Landmarks;
			productName = Landmarks;
			productReference = 111BF89922A5CE0200249BA5 /* Landmarks.app */;
			productType = "com.apple.product-type.application";
		};
		111BF8B122A5CE0300249BA5 /* LandmarksTests */ = {
			isa = PBXNativeTarget;
			buildConfigurationList = 111BF8C922A5CE0300249BA5 /* Build configuration list for PBXNativeTarget "LandmarksTests" */;
			buildPhases = (
				111BF8AE22A5CE0300249BA5 /* Sources */,
				111BF8AF22A5CE0300249BA5 /* Frameworks */,
				111BF8B022A5CE0300249BA5 /* Resources */,
			);
			buildRules = (
			);
			dependencies = (
				111BF8B422A5CE0300249BA5 /* PBXTargetDependency */,
			);
			name = LandmarksTests;
			productName = LandmarksTests;
			productReference = 111BF8B222A5CE0300249BA5 /* LandmarksTests.xctest */;
			productType = "com.apple.product-type.bundle.unit-test";
		};
		111BF8BC22A5CE0300249BA5 /* LandmarksUITests */ = {
			isa = PBXNativeTarget;
			buildConfigurationList = 111BF8CC22A5CE0300249BA5 /* Build configuration list for PBXNativeTarget "LandmarksUITests" */;
			buildPhases = (
				111BF8B922A5CE0300249BA5 /* Sources */,
				111BF8BA22A5CE0300249BA5 /* Frameworks */,
				111BF8BB22A5CE0300249BA5 /* Resources */,
			);
			buildRules = (
			);
			dependencies = (
				111BF8BF22A5CE0300249BA5 /* PBXTargetDependency */,
			);
			name = LandmarksUITests;
			productName = LandmarksUITests;
			productReference = 111BF8BD22A5CE0300249BA5 /* LandmarksUITests.xctest */;
			productType = "com.apple.product-type.bundle.ui-testing";
		};
/* End PBXNativeTarget section */

/* Begin PBXProject section */
		111BF89122A5CE0200249BA5 /* Project object */ = {
			isa = PBXProject;
			attributes = {
				LastSwiftUpdateCheck = 1100;
				LastUpgradeCheck = 1100;
				ORGANIZATIONNAME = "Brett McDonald";
				TargetAttributes = {
					111BF89822A5CE0200249BA5 = {
						CreatedOnToolsVersion = 11.0;
					};
					111BF8B122A5CE0300249BA5 = {
						CreatedOnToolsVersion = 11.0;
						TestTargetID = 111BF89822A5CE0200249BA5;
					};
					111BF8BC22A5CE0300249BA5 = {
						CreatedOnToolsVersion = 11.0;
						TestTargetID = 111BF89822A5CE0200249BA5;
					};
				};
			};
			buildConfigurationList = 111BF89422A5CE0200249BA5 /* Build configuration list for PBXProject "Landmarks" */;
			compatibilityVersion = "Xcode 9.3";
			developmentRegion = en;
			hasScannedForEncodings = 0;
			knownRegions = (
				en,
				Base,
			);
			mainGroup = 111BF89022A5CE0200249BA5;
			productRefGroup = 111BF89A22A5CE0200249BA5 /* Products */;
			projectDirPath = "";
			projectRoot = "";
			targets = (
				111BF89822A5CE0200249BA5 /* Landmarks */,
				111BF8B122A5CE0300249BA5 /* LandmarksTests */,
				111BF8BC22A5CE0300249BA5 /* LandmarksUITests */,
			);
		};
/* End PBXProject section */

/* Begin PBXResourcesBuildPhase section */
		111BF89722A5CE0200249BA5 /* Resources */ = {
			isa = PBXResourcesBuildPhase;
			buildActionMask = 2147483647;
			files = (
				111BF8AC22A5CE0300249BA5 /* LaunchScreen.storyboard in Resources */,
				111BF8A922A5CE0300249BA5 /* Preview Assets.xcassets in Resources */,
				111BF8A622A5CE0300249BA5 /* Assets.xcassets in Resources */,
			);
			runOnlyForDeploymentPostprocessing = 0;
		};
		111BF8B022A5CE0300249BA5 /* Resources */ = {
			isa = PBXResourcesBuildPhase;
			buildActionMask = 2147483647;
			files = (
			);
			runOnlyForDeploymentPostprocessing = 0;
		};
		111BF8BB22A5CE0300249BA5 /* Resources */ = {
			isa = PBXResourcesBuildPhase;
			buildActionMask = 2147483647;
			files = (
			);
			runOnlyForDeploymentPostprocessing = 0;
		};
/* End PBXResourcesBuildPhase section */

/* Begin PBXSourcesBuildPhase section */
		111BF89522A5CE0200249BA5 /* Sources */ = {
			isa = PBXSourcesBuildPhase;
			buildActionMask = 2147483647;
			files = (
				111BF89D22A5CE0200249BA5 /* AppDelegate.swift in Sources */,
				111BF89F22A5CE0200249BA5 /* SceneDelegate.swift in Sources */,
				111BF8A422A5CE0200249BA5 /* ContentView.swift in Sources */,
				111BF8A222A5CE0200249BA5 /* Landmarks.xcdatamodeld in Sources */,
				111BF8D022A5D9B900249BA5 /* CircleImage.swift in Sources */,
			);
			runOnlyForDeploymentPostprocessing = 0;
		};
		111BF8AE22A5CE0300249BA5 /* Sources */ = {
			isa = PBXSourcesBuildPhase;
			buildActionMask = 2147483647;
			files = (
				111BF8B722A5CE0300249BA5 /* LandmarksTests.swift in Sources */,
			);
			runOnlyForDeploymentPostprocessing = 0;
		};
		111BF8B922A5CE0300249BA5 /* Sources */ = {
			isa = PBXSourcesBuildPhase;
			buildActionMask = 2147483647;
			files = (
				111BF8C222A5CE0300249BA5 /* LandmarksUITests.swift in Sources */,
			);
			runOnlyForDeploymentPostprocessing = 0;
		};
/* End PBXSourcesBuildPhase section */

/* Begin PBXTargetDependency section */
		111BF8B422A5CE0300249BA5 /* PBXTargetDependency */ = {
			isa = PBXTargetDependency;
			target = 111BF89822A5CE0200249BA5 /* Landmarks */;
			targetProxy = 111BF8B322A5CE0300249BA5 /* PBXContainerItemProxy */;
		};
		111BF8BF22A5CE0300249BA5 /* PBXTargetDependency */ = {
			isa = PBXTargetDependency;
			target = 111BF89822A5CE0200249BA5 /* Landmarks */;
			targetProxy = 111BF8BE22A5CE0300249BA5 /* PBXContainerItemProxy */;
		};
/* End PBXTargetDependency section */

/* Begin PBXVariantGroup section */
		111BF8AA22A5CE0300249BA5 /* LaunchScreen.storyboard */ = {
			isa = PBXVariantGroup;
			children = (
				111BF8AB22A5CE0300249BA5 /* Base */,
			);
			name = LaunchScreen.storyboard;
			sourceTree = "<group>";
		};
/* End PBXVariantGroup section */

/* Begin XCBuildConfiguration section */
		111BF8C422A5CE0300249BA5 /* Debug */ = {
			isa = XCBuildConfiguration;
			buildSettings = {
				ALWAYS_SEARCH_USER_PATHS = NO;
				CLANG_ANALYZER_NONNULL = YES;
				CLANG_ANALYZER_NUMBER_OBJECT_CONVERSION = YES_AGGRESSIVE;
				CLANG_CXX_LANGUAGE_STANDARD = "gnu++14";
				CLANG_CXX_LIBRARY = "libc++";
				CLANG_ENABLE_MODULES = YES;
				CLANG_ENABLE_OBJC_ARC = YES;
				CLANG_ENABLE_OBJC_WEAK = YES;
				CLANG_WARN_BLOCK_CAPTURE_AUTORELEASING = YES;
				CLANG_WARN_BOOL_CONVERSION = YES;
				CLANG_WARN_COMMA = YES;
				CLANG_WARN_CONSTANT_CONVERSION = YES;
				CLANG_WARN_DEPRECATED_OBJC_IMPLEMENTATIONS = YES;
				CLANG_WARN_DIRECT_OBJC_ISA_USAGE = YES_ERROR;
				CLANG_WARN_DOCUMENTATION_COMMENTS = YES;
				CLANG_WARN_EMPTY_BODY = YES;
				CLANG_WARN_ENUM_CONVERSION = YES;
				CLANG_WARN_INFINITE_RECURSION = YES;
				CLANG_WARN_INT_CONVERSION = YES;
				CLANG_WARN_NON_LITERAL_NULL_CONVERSION = YES;
				CLANG_WARN_OBJC_IMPLICIT_RETAIN_SELF = YES;
				CLANG_WARN_OBJC_LITERAL_CONVERSION = YES;
				CLANG_WARN_OBJC_ROOT_CLASS = YES_ERROR;
				CLANG_WARN_RANGE_LOOP_ANALYSIS = YES;
				CLANG_WARN_STRICT_PROTOTYPES = YES;
				CLANG_WARN_SUSPICIOUS_MOVE = YES;
				CLANG_WARN_UNGUARDED_AVAILABILITY = YES_AGGRESSIVE;
				CLANG_WARN_UNREACHABLE_CODE = YES;
				CLANG_WARN__DUPLICATE_METHOD_MATCH = YES;
				COPY_PHASE_STRIP = NO;
				DEBUG_INFORMATION_FORMAT = dwarf;
				ENABLE_STRICT_OBJC_MSGSEND = YES;
				ENABLE_TESTABILITY = YES;
				GCC_C_LANGUAGE_STANDARD = gnu11;
				GCC_DYNAMIC_NO_PIC = NO;
				GCC_NO_COMMON_BLOCKS = YES;
				GCC_OPTIMIZATION_LEVEL = 0;
				GCC_PREPROCESSOR_DEFINITIONS = (
					"DEBUG=1",
					"$(inherited)",
				);
				GCC_WARN_64_TO_32_BIT_CONVERSION = YES;
				GCC_WARN_ABOUT_RETURN_TYPE = YES_ERROR;
				GCC_WARN_UNDECLARED_SELECTOR = YES;
				GCC_WARN_UNINITIALIZED_AUTOS = YES_AGGRESSIVE;
				GCC_WARN_UNUSED_FUNCTION = YES;
				GCC_WARN_UNUSED_VARIABLE = YES;
				IPHONEOS_DEPLOYMENT_TARGET = 13.0;
				MTL_ENABLE_DEBUG_INFO = INCLUDE_SOURCE;
				MTL_FAST_MATH = YES;
				ONLY_ACTIVE_ARCH = YES;
				SDKROOT = iphoneos;
				SWIFT_ACTIVE_COMPILATION_CONDITIONS = DEBUG;
				SWIFT_OPTIMIZATION_LEVEL = "-Onone";
			};
			name = Debug;
		};
		111BF8C522A5CE0300249BA5 /* Release */ = {
			isa = XCBuildConfiguration;
			buildSettings = {
				ALWAYS_SEARCH_USER_PATHS = NO;
				CLANG_ANALYZER_NONNULL = YES;
				CLANG_ANALYZER_NUMBER_OBJECT_CONVERSION = YES_AGGRESSIVE;
				CLANG_CXX_LANGUAGE_STANDARD = "gnu++14";
				CLANG_CXX_LIBRARY = "libc++";
				CLANG_ENABLE_MODULES = YES;
				CLANG_ENABLE_OBJC_ARC = YES;
				CLANG_ENABLE_OBJC_WEAK = YES;
				CLANG_WARN_BLOCK_CAPTURE_AUTORELEASING = YES;
				CLANG_WARN_BOOL_CONVERSION = YES;
				CLANG_WARN_COMMA = YES;
				CLANG_WARN_CONSTANT_CONVERSION = YES;
				CLANG_WARN_DEPRECATED_OBJC_IMPLEMENTATIONS = YES;
				CLANG_WARN_DIRECT_OBJC_ISA_USAGE = YES_ERROR;
				CLANG_WARN_DOCUMENTATION_COMMENTS = YES;
				CLANG_WARN_EMPTY_BODY = YES;
				CLANG_WARN_ENUM_CONVERSION = YES;
				CLANG_WARN_INFINITE_RECURSION = YES;
				CLANG_WARN_INT_CONVERSION = YES;
				CLANG_WARN_NON_LITERAL_NULL_CONVERSION = YES;
				CLANG_WARN_OBJC_IMPLICIT_RETAIN_SELF = YES;
				CLANG_WARN_OBJC_LITERAL_CONVERSION = YES;
				CLANG_WARN_OBJC_ROOT_CLASS = YES_ERROR;
				CLANG_WARN_RANGE_LOOP_ANALYSIS = YES;
				CLANG_WARN_STRICT_PROTOTYPES = YES;
				CLANG_WARN_SUSPICIOUS_MOVE = YES;
				CLANG_WARN_UNGUARDED_AVAILABILITY = YES_AGGRESSIVE;
				CLANG_WARN_UNREACHABLE_CODE = YES;
				CLANG_WARN__DUPLICATE_METHOD_MATCH = YES;
				COPY_PHASE_STRIP = NO;
				DEBUG_INFORMATION_FORMAT = "dwarf-with-dsym";
				ENABLE_NS_ASSERTIONS = NO;
				ENABLE_STRICT_OBJC_MSGSEND = YES;
				GCC_C_LANGUAGE_STANDARD = gnu11;
				GCC_NO_COMMON_BLOCKS = YES;
				GCC_WARN_64_TO_32_BIT_CONVERSION = YES;
				GCC_WARN_ABOUT_RETURN_TYPE = YES_ERROR;
				GCC_WARN_UNDECLARED_SELECTOR = YES;
				GCC_WARN_UNINITIALIZED_AUTOS = YES_AGGRESSIVE;
				GCC_WARN_UNUSED_FUNCTION = YES;
				GCC_WARN_UNUSED_VARIABLE = YES;
				IPHONEOS_DEPLOYMENT_TARGET = 13.0;
				MTL_ENABLE_DEBUG_INFO = NO;
				MTL_FAST_MATH = YES;
				SDKROOT = iphoneos;
				SWIFT_COMPILATION_MODE = wholemodule;
				SWIFT_OPTIMIZATION_LEVEL = "-O";
				VALIDATE_PRODUCT = YES;
			};
			name = Release;
		};
		111BF8C722A5CE0300249BA5 /* Debug */ = {
			isa = XCBuildConfiguration;
			buildSettings = {
				ASSETCATALOG_COMPILER_APPICON_NAME = AppIcon;
				CODE_SIGN_STYLE = Automatic;
				DEVELOPMENT_ASSET_PATHS = "Landmarks/Preview\\ Content";
				DEVELOPMENT_TEAM = EFD325738G;
				ENABLE_PREVIEWS = YES;
				INFOPLIST_FILE = Landmarks/Info.plist;
				LD_RUNPATH_SEARCH_PATHS = (
					"$(inherited)",
					"@executable_path/Frameworks",
				);
				PRODUCT_BUNDLE_IDENTIFIER = com.brettmcdonald.Landmarks;
				PRODUCT_NAME = "$(TARGET_NAME)";
				SWIFT_VERSION = 5.0;
				TARGETED_DEVICE_FAMILY = "1,2";
			};
			name = Debug;
		};
		111BF8C822A5CE0300249BA5 /* Release */ = {
			isa = XCBuildConfiguration;
			buildSettings = {
				ASSETCATALOG_COMPILER_APPICON_NAME = AppIcon;
				CODE_SIGN_STYLE = Automatic;
				DEVELOPMENT_ASSET_PATHS = "Landmarks/Preview\\ Content";
				DEVELOPMENT_TEAM = EFD325738G;
				ENABLE_PREVIEWS = YES;
				INFOPLIST_FILE = Landmarks/Info.plist;
				LD_RUNPATH_SEARCH_PATHS = (
					"$(inherited)",
					"@executable_path/Frameworks",
				);
				PRODUCT_BUNDLE_IDENTIFIER = com.brettmcdonald.Landmarks;
				PRODUCT_NAME = "$(TARGET_NAME)";
				SWIFT_VERSION = 5.0;
				TARGETED_DEVICE_FAMILY = "1,2";
			};
			name = Release;
		};
		111BF8CA22A5CE0300249BA5 /* Debug */ = {
			isa = XCBuildConfiguration;
			buildSettings = {
				ALWAYS_EMBED_SWIFT_STANDARD_LIBRARIES = YES;
				BUNDLE_LOADER = "$(TEST_HOST)";
				CODE_SIGN_STYLE = Automatic;
				DEVELOPMENT_TEAM = EFD325738G;
				INFOPLIST_FILE = LandmarksTests/Info.plist;
				LD_RUNPATH_SEARCH_PATHS = (
					"$(inherited)",
					"@executable_path/Frameworks",
					"@loader_path/Frameworks",
				);
				PRODUCT_BUNDLE_IDENTIFIER = com.brettmcdonald.LandmarksTests;
				PRODUCT_NAME = "$(TARGET_NAME)";
				SWIFT_VERSION = 5.0;
				TARGETED_DEVICE_FAMILY = "1,2";
				TEST_HOST = "$(BUILT_PRODUCTS_DIR)/Landmarks.app/Landmarks";
			};
			name = Debug;
		};
		111BF8CB22A5CE0300249BA5 /* Release */ = {
			isa = XCBuildConfiguration;
			buildSettings = {
				ALWAYS_EMBED_SWIFT_STANDARD_LIBRARIES = YES;
				BUNDLE_LOADER = "$(TEST_HOST)";
				CODE_SIGN_STYLE = Automatic;
				DEVELOPMENT_TEAM = EFD325738G;
				INFOPLIST_FILE = LandmarksTests/Info.plist;
				LD_RUNPATH_SEARCH_PATHS = (
					"$(inherited)",
					"@executable_path/Frameworks",
					"@loader_path/Frameworks",
				);
				PRODUCT_BUNDLE_IDENTIFIER = com.brettmcdonald.LandmarksTests;
				PRODUCT_NAME = "$(TARGET_NAME)";
				SWIFT_VERSION = 5.0;
				TARGETED_DEVICE_FAMILY = "1,2";
				TEST_HOST = "$(BUILT_PRODUCTS_DIR)/Landmarks.app/Landmarks";
			};
			name = Release;
		};
		111BF8CD22A5CE0300249BA5 /* Debug */ = {
			isa = XCBuildConfiguration;
			buildSettings = {
				ALWAYS_EMBED_SWIFT_STANDARD_LIBRARIES = YES;
				CODE_SIGN_STYLE = Automatic;
				DEVELOPMENT_TEAM = EFD325738G;
				INFOPLIST_FILE = LandmarksUITests/Info.plist;
				LD_RUNPATH_SEARCH_PATHS = (
					"$(inherited)",
					"@executable_path/Frameworks",
					"@loader_path/Frameworks",
				);
				PRODUCT_BUNDLE_IDENTIFIER = com.brettmcdonald.LandmarksUITests;
				PRODUCT_NAME = "$(TARGET_NAME)";
				SWIFT_VERSION = 5.0;
				TARGETED_DEVICE_FAMILY = "1,2";
				TEST_TARGET_NAME = Landmarks;
			};
			name = Debug;
		};
		111BF8CE22A5CE0300249BA5 /* Release */ = {
			isa = XCBuildConfiguration;
			buildSettings = {
				ALWAYS_EMBED_SWIFT_STANDARD_LIBRARIES = YES;
				CODE_SIGN_STYLE = Automatic;
				DEVELOPMENT_TEAM = EFD325738G;
				INFOPLIST_FILE = LandmarksUITests/Info.plist;
				LD_RUNPATH_SEARCH_PATHS = (
					"$(inherited)",
					"@executable_path/Frameworks",
					"@loader_path/Frameworks",
				);
				PRODUCT_BUNDLE_IDENTIFIER = com.brettmcdonald.LandmarksUITests;
				PRODUCT_NAME = "$(TARGET_NAME)";
				SWIFT_VERSION = 5.0;
				TARGETED_DEVICE_FAMILY = "1,2";
				TEST_TARGET_NAME = Landmarks;
			};
			name = Release;
		};
/* End XCBuildConfiguration section */

/* Begin XCConfigurationList section */
		111BF89422A5CE0200249BA5 /* Build configuration list for PBXProject "Landmarks" */ = {
			isa = XCConfigurationList;
			buildConfigurations = (
				111BF8C422A5CE0300249BA5 /* Debug */,
				111BF8C522A5CE0300249BA5 /* Release */,
			);
			defaultConfigurationIsVisible = 0;
			defaultConfigurationName = Release;
		};
		111BF8C622A5CE0300249BA5 /* Build configuration list for PBXNativeTarget "Landmarks" */ = {
			isa = XCConfigurationList;
			buildConfigurations = (
				111BF8C722A5CE0300249BA5 /* Debug */,
				111BF8C822A5CE0300249BA5 /* Release */,
			);
			defaultConfigurationIsVisible = 0;
			defaultConfigurationName = Release;
		};
		111BF8C922A5CE0300249BA5 /* Build configuration list for PBXNativeTarget "LandmarksTests" */ = {
			isa = XCConfigurationList;
			buildConfigurations = (
				111BF8CA22A5CE0300249BA5 /* Debug */,
				111BF8CB22A5CE0300249BA5 /* Release */,
			);
			defaultConfigurationIsVisible = 0;
			defaultConfigurationName = Release;
		};
		111BF8CC22A5CE0300249BA5 /* Build configuration list for PBXNativeTarget "LandmarksUITests" */ = {
			isa = XCConfigurationList;
			buildConfigurations = (
				111BF8CD22A5CE0300249BA5 /* Debug */,
				111BF8CE22A5CE0300249BA5 /* Release */,
			);
			defaultConfigurationIsVisible = 0;
			defaultConfigurationName = Release;
		};
/* End XCConfigurationList section */

/* Begin XCVersionGroup section */
		111BF8A022A5CE0200249BA5 /* Landmarks.xcdatamodeld */ = {
			isa = XCVersionGroup;
			children = (
				111BF8A122A5CE0200249BA5 /* Landmarks.xcdatamodel */,
			);
			currentVersion = 111BF8A122A5CE0200249BA5 /* Landmarks.xcdatamodel */;
			path = Landmarks.xcdatamodeld;
			sourceTree = "<group>";
			versionGroupType = wrapper.xcdatamodel;
		};
/* End XCVersionGroup section */
	};
	rootObject = 111BF89122A5CE0200249BA5 /* Project object */;
}
